{
    "_readme": [
        "This file locks the dependencies of your project to a known state",
        "Read more about it at https://getcomposer.org/doc/01-basic-usage.md#composer-lock-the-lock-file",
        "This file is @generated automatically"
    ],
    "content-hash": "17d6d8042fed0c1fa09ffcb4e80e204d",
    "packages": [
        {
            "name": "doctrine/annotations",
            "version": "1.7.x-dev",
            "source": {
                "type": "git",
                "url": "https://github.com/doctrine/annotations.git",
                "reference": "232c5da3903f788e02328b4e8486eceea0c76e58"
            },
            "dist": {
                "type": "zip",
                "url": "https://api.github.com/repos/doctrine/annotations/zipball/232c5da3903f788e02328b4e8486eceea0c76e58",
                "reference": "232c5da3903f788e02328b4e8486eceea0c76e58",
                "shasum": ""
            },
            "require": {
                "doctrine/lexer": "1.*",
                "php": "^7.1"
            },
            "require-dev": {
                "doctrine/cache": "1.*",
                "phpunit/phpunit": "^7.0"
            },
            "type": "library",
            "extra": {
                "branch-alias": {
                    "dev-master": "1.7.x-dev"
                }
            },
            "autoload": {
                "psr-4": {
                    "Doctrine\\Common\\Annotations\\": "lib/Doctrine/Common/Annotations"
                }
            },
            "notification-url": "https://packagist.org/downloads/",
            "license": [
                "MIT"
            ],
            "authors": [
                {
                    "name": "Roman Borschel",
                    "email": "roman@code-factory.org"
                },
                {
                    "name": "Benjamin Eberlei",
                    "email": "kontakt@beberlei.de"
                },
                {
                    "name": "Guilherme Blanco",
                    "email": "guilhermeblanco@gmail.com"
                },
                {
                    "name": "Jonathan Wage",
                    "email": "jonwage@gmail.com"
                },
                {
                    "name": "Johannes Schmitt",
                    "email": "schmittjoh@gmail.com"
                }
            ],
            "description": "Docblock Annotations Parser",
            "homepage": "http://www.doctrine-project.org",
            "keywords": [
                "annotations",
                "docblock",
                "parser"
            ],
            "time": "2018-05-06T10:14:50+00:00"
        },
        {
            "name": "doctrine/cache",
            "version": "dev-master",
            "source": {
                "type": "git",
                "url": "https://github.com/doctrine/cache.git",
                "reference": "36c114783b9f30abfd1054e59c28e6e2e8152481"
            },
            "dist": {
                "type": "zip",
                "url": "https://api.github.com/repos/doctrine/cache/zipball/36c114783b9f30abfd1054e59c28e6e2e8152481",
                "reference": "36c114783b9f30abfd1054e59c28e6e2e8152481",
                "shasum": ""
            },
            "require": {
                "php": "~7.1"
            },
            "conflict": {
                "doctrine/common": ">2.2,<2.4"
            },
            "require-dev": {
                "alcaeus/mongo-php-adapter": "^1.1",
                "doctrine/coding-standard": "^5.0",
                "mongodb/mongodb": "^1.1",
                "phpunit/phpunit": "^7.0",
                "predis/predis": "~1.0"
            },
            "suggest": {
                "alcaeus/mongo-php-adapter": "Required to use legacy MongoDB driver"
            },
            "type": "library",
            "extra": {
                "branch-alias": {
                    "dev-master": "1.9.x-dev"
                }
            },
            "autoload": {
                "psr-4": {
                    "Doctrine\\Common\\Cache\\": "lib/Doctrine/Common/Cache"
                }
            },
            "notification-url": "https://packagist.org/downloads/",
            "license": [
                "MIT"
            ],
            "authors": [
                {
                    "name": "Roman Borschel",
                    "email": "roman@code-factory.org"
                },
                {
                    "name": "Benjamin Eberlei",
                    "email": "kontakt@beberlei.de"
                },
                {
                    "name": "Guilherme Blanco",
                    "email": "guilhermeblanco@gmail.com"
                },
                {
                    "name": "Jonathan Wage",
                    "email": "jonwage@gmail.com"
                },
                {
                    "name": "Johannes Schmitt",
                    "email": "schmittjoh@gmail.com"
                }
            ],
            "description": "PHP Doctrine Cache library is a popular cache implementation that supports many different drivers such as redis, memcache, apc, mongodb and others.",
            "homepage": "https://www.doctrine-project.org/projects/cache.html",
            "keywords": [
                "abstraction",
                "apcu",
                "cache",
                "caching",
                "couchdb",
                "memcached",
                "php",
                "redis",
                "riak",
                "xcache"
            ],
            "time": "2018-09-25T21:24:06+00:00"
        },
        {
            "name": "doctrine/dbal",
            "version": "dev-master",
            "source": {
                "type": "git",
                "url": "https://github.com/doctrine/dbal.git",
                "reference": "88b80bf35068e3f29cbe0e03c351bd9320ca0728"
            },
            "dist": {
                "type": "zip",
                "url": "https://api.github.com/repos/doctrine/dbal/zipball/88b80bf35068e3f29cbe0e03c351bd9320ca0728",
                "reference": "88b80bf35068e3f29cbe0e03c351bd9320ca0728",
                "shasum": ""
            },
            "require": {
                "doctrine/cache": "^1.0",
                "doctrine/event-manager": "^1.0",
                "ext-pdo": "*",
                "php": "^7.1"
            },
            "require-dev": {
                "doctrine/coding-standard": "^5.0",
                "jetbrains/phpstorm-stubs": "^2018.1.2",
                "phpstan/phpstan": "^0.10.1",
                "phpunit/phpunit": "^7.4",
                "symfony/console": "^2.0.5|^3.0|^4.0",
                "symfony/phpunit-bridge": "^3.4.5|^4.0.5"
            },
            "suggest": {
                "symfony/console": "For helpful console commands such as SQL execution and import of files."
            },
            "bin": [
                "bin/doctrine-dbal"
            ],
            "type": "library",
            "extra": {
                "branch-alias": {
                    "dev-master": "2.9.x-dev",
                    "dev-develop": "3.0.x-dev"
                }
            },
            "autoload": {
                "psr-4": {
                    "Doctrine\\DBAL\\": "lib/Doctrine/DBAL"
                }
            },
            "notification-url": "https://packagist.org/downloads/",
            "license": [
                "MIT"
            ],
            "authors": [
                {
                    "name": "Roman Borschel",
                    "email": "roman@code-factory.org"
                },
                {
                    "name": "Benjamin Eberlei",
                    "email": "kontakt@beberlei.de"
                },
                {
                    "name": "Guilherme Blanco",
                    "email": "guilhermeblanco@gmail.com"
                },
                {
                    "name": "Jonathan Wage",
                    "email": "jonwage@gmail.com"
                }
            ],
            "description": "Powerful PHP database abstraction layer (DBAL) with many features for database schema introspection and management.",
            "homepage": "https://www.doctrine-project.org/projects/dbal.html",
            "keywords": [
                "abstraction",
                "database",
                "dbal",
                "mysql",
                "persistence",
                "pgsql",
                "php",
                "queryobject"
            ],
            "time": "2018-11-04T23:25:53+00:00"
        },
        {
            "name": "doctrine/event-manager",
            "version": "dev-master",
            "source": {
                "type": "git",
                "url": "https://github.com/doctrine/event-manager.git",
                "reference": "13dff35955fdbfbaec62138f9db8ef5aca45d4c3"
            },
            "dist": {
                "type": "zip",
                "url": "https://api.github.com/repos/doctrine/event-manager/zipball/13dff35955fdbfbaec62138f9db8ef5aca45d4c3",
                "reference": "13dff35955fdbfbaec62138f9db8ef5aca45d4c3",
                "shasum": ""
            },
            "require": {
                "php": "^7.1"
            },
            "conflict": {
                "doctrine/common": "<2.9@dev"
            },
            "require-dev": {
                "doctrine/coding-standard": "^5.0",
                "phpunit/phpunit": "^7.0"
            },
            "type": "library",
            "extra": {
                "branch-alias": {
                    "dev-master": "1.0.x-dev"
                }
            },
            "autoload": {
                "psr-4": {
                    "Doctrine\\Common\\": "lib/Doctrine/Common"
                }
            },
            "notification-url": "https://packagist.org/downloads/",
            "license": [
                "MIT"
            ],
            "authors": [
                {
                    "name": "Roman Borschel",
                    "email": "roman@code-factory.org"
                },
                {
                    "name": "Benjamin Eberlei",
                    "email": "kontakt@beberlei.de"
                },
                {
                    "name": "Guilherme Blanco",
                    "email": "guilhermeblanco@gmail.com"
                },
                {
                    "name": "Jonathan Wage",
                    "email": "jonwage@gmail.com"
                },
                {
                    "name": "Johannes Schmitt",
                    "email": "schmittjoh@gmail.com"
                },
                {
                    "name": "Marco Pivetta",
                    "email": "ocramius@gmail.com"
                }
            ],
            "description": "The Doctrine Event Manager is a simple PHP event system that was built to be used with the various Doctrine projects.",
            "homepage": "https://www.doctrine-project.org/projects/event-manager.html",
            "keywords": [
                "event",
                "event dispatcher",
                "event manager",
                "event system",
                "events"
            ],
            "time": "2018-10-14T01:04:00+00:00"
        },
        {
            "name": "doctrine/lexer",
            "version": "dev-master",
            "source": {
                "type": "git",
                "url": "https://github.com/doctrine/lexer.git",
                "reference": "4ab6ea7c838ccb340883fd78915af079949cc64d"
            },
            "dist": {
                "type": "zip",
                "url": "https://api.github.com/repos/doctrine/lexer/zipball/4ab6ea7c838ccb340883fd78915af079949cc64d",
                "reference": "4ab6ea7c838ccb340883fd78915af079949cc64d",
                "shasum": ""
            },
            "require": {
                "php": ">=5.3.2"
            },
            "require-dev": {
                "phpunit/phpunit": "^4.5"
            },
            "type": "library",
            "extra": {
                "branch-alias": {
                    "dev-master": "1.0.x-dev"
                }
            },
            "autoload": {
                "psr-4": {
                    "Doctrine\\Common\\Lexer\\": "lib/Doctrine/Common/Lexer"
                }
            },
            "notification-url": "https://packagist.org/downloads/",
            "license": [
                "MIT"
            ],
            "authors": [
                {
                    "name": "Roman Borschel",
                    "email": "roman@code-factory.org"
                },
                {
                    "name": "Guilherme Blanco",
                    "email": "guilhermeblanco@gmail.com"
                },
                {
                    "name": "Johannes Schmitt",
                    "email": "schmittjoh@gmail.com"
                }
            ],
            "description": "PHP Doctrine Lexer parser library that can be used in Top-Down, Recursive Descent Parsers.",
            "homepage": "https://www.doctrine-project.org/projects/lexer.html",
            "keywords": [
                "annotations",
                "docblock",
                "lexer",
                "parser",
                "php"
            ],
            "time": "2018-10-21T19:22:05+00:00"
        }
    ],
    "packages-dev": [],
    "aliases": [],
    "minimum-stability": "dev",
    "stability-flags": [],
    "prefer-stable": false,
    "prefer-lowest": false,
    "platform": [],
    "platform-dev": []
}
